
Microsoft Visual Studio Solution File, Format Version 12.00
# Visual Studio Version 17
VisualStudioVersion = 17.9.34701.34
MinimumVisualStudioVersion = 10.0.40219.1
Project("{FAE04EC0-301F-11D3-BF4B-00C04F79EFBC}") = "ConsoleApp4", "ConsoleApp4\ConsoleApp4.csproj", "{4BA4B5BC-B68A-408A-843B-0D0093E01EDA}"
EndProject
Global
	GlobalSection(SolutionConfigurationPlatforms) = preSolution
		Debug|Any CPU = Debug|Any CPU
		Release|Any CPU = Release|Any CPU
	EndGlobalSection
	GlobalSection(ProjectConfigurationPlatforms) = postSolution
		{4BA4B5BC-B68A-408A-843B-0D0093E01EDA}.Debug|Any CPU.ActiveCfg = Debug|Any CPU
		{4BA4B5BC-B68A-408A-843B-0D0093E01EDA}.Debug|Any CPU.Build.0 = Debug|Any CPU
		{4BA4B5BC-B68A-408A-843B-0D0093E01EDA}.Release|Any CPU.ActiveCfg = Release|Any CPU
		{4BA4B5BC-B68A-408A-843B-0D0093E01EDA}.Release|Any CPU.Build.0 = Release|Any CPU
	EndGlobalSection
	GlobalSection(SolutionProperties) = preSolution
		HideSolutionNode = FALSE
	EndGlobalSection
	GlobalSection(ExtensibilityGlobals) = postSolution
		SolutionGuid = {11357D5A-4FE9-49CE-A620-48F23C468053}
	EndGlobalSection
EndGlobal
